
Microsoft Visual Studio Solution File, Format Version 12.00
# Visual Studio Version 17
VisualStudioVersion = 17.2.32630.192
MinimumVisualStudioVersion = 10.0.40219.1
Project("{FAE04EC0-301F-11D3-BF4B-00C04F79EFBC}") = "videoGet", "videoGet\videoGet.csproj", "{ADD8BFE7-6E04-46E6-84F6-7CCD07E74723}"
EndProject
Global
	GlobalSection(SolutionConfigurationPlatforms) = preSolution
		Debug|Any CPU = Debug|Any CPU
		Release|Any CPU = Release|Any CPU
	EndGlobalSection
	GlobalSection(ProjectConfigurationPlatforms) = postSolution
		{ADD8BFE7-6E04-46E6-84F6-7CCD07E74723}.Debug|Any CPU.ActiveCfg = Debug|Any CPU
		{ADD8BFE7-6E04-46E6-84F6-7CCD07E74723}.Debug|Any CPU.Build.0 = Debug|Any CPU
		{ADD8BFE7-6E04-46E6-84F6-7CCD07E74723}.Release|Any CPU.ActiveCfg = Release|Any CPU
		{ADD8BFE7-6E04-46E6-84F6-7CCD07E74723}.Release|Any CPU.Build.0 = Release|Any CPU
	EndGlobalSection
	GlobalSection(SolutionProperties) = preSolution
		HideSolutionNode = FALSE
	EndGlobalSection
	GlobalSection(ExtensibilityGlobals) = postSolution
		SolutionGuid = {A1E95A49-D2D2-45D9-82FC-E2151A95AF53}
	EndGlobalSection
EndGlobal
